
Microsoft Visual Studio Solution File, Format Version 12.00
# Visual Studio Version 17
VisualStudioVersion = 17.4.33205.214
MinimumVisualStudioVersion = 10.0.40219.1
Project("{FAE04EC0-301F-11D3-BF4B-00C04F79EFBC}") = "cube_connect", "cube_connect\cube_connect.csproj", "{96B0624E-8C23-415F-A48C-155526AECB90}"
EndProject
Global
	GlobalSection(SolutionConfigurationPlatforms) = preSolution
		Debug|Any CPU = Debug|Any CPU
		Release|Any CPU = Release|Any CPU
	EndGlobalSection
	GlobalSection(ProjectConfigurationPlatforms) = postSolution
		{96B0624E-8C23-415F-A48C-155526AECB90}.Debug|Any CPU.ActiveCfg = Debug|Any CPU
		{96B0624E-8C23-415F-A48C-155526AECB90}.Debug|Any CPU.Build.0 = Debug|Any CPU
		{96B0624E-8C23-415F-A48C-155526AECB90}.Release|Any CPU.ActiveCfg = Release|Any CPU
		{96B0624E-8C23-415F-A48C-155526AECB90}.Release|Any CPU.Build.0 = Release|Any CPU
	EndGlobalSection
	GlobalSection(SolutionProperties) = preSolution
		HideSolutionNode = FALSE
	EndGlobalSection
	GlobalSection(ExtensibilityGlobals) = postSolution
		SolutionGuid = {E72C66A3-7103-4886-A738-7EE308570344}
	EndGlobalSection
EndGlobal
